
Microsoft Visual Studio Solution File, Format Version 12.00
# Visual Studio Version 17
VisualStudioVersion = 17.9.34728.123
MinimumVisualStudioVersion = 10.0.40219.1
Project("{FAE04EC0-301F-11D3-BF4B-00C04F79EFBC}") = "VerificationProvider", "VerificationProvider\VerificationProvider.csproj", "{38607BAB-2E64-4357-AE58-7D6ADB75E70F}"
EndProject
Global
	GlobalSection(SolutionConfigurationPlatforms) = preSolution
		Debug|Any CPU = Debug|Any CPU
		Release|Any CPU = Release|Any CPU
	EndGlobalSection
	GlobalSection(ProjectConfigurationPlatforms) = postSolution
		{38607BAB-2E64-4357-AE58-7D6ADB75E70F}.Debug|Any CPU.ActiveCfg = Debug|Any CPU
		{38607BAB-2E64-4357-AE58-7D6ADB75E70F}.Debug|Any CPU.Build.0 = Debug|Any CPU
		{38607BAB-2E64-4357-AE58-7D6ADB75E70F}.Release|Any CPU.ActiveCfg = Release|Any CPU
		{38607BAB-2E64-4357-AE58-7D6ADB75E70F}.Release|Any CPU.Build.0 = Release|Any CPU
	EndGlobalSection
	GlobalSection(SolutionProperties) = preSolution
		HideSolutionNode = FALSE
	EndGlobalSection
	GlobalSection(ExtensibilityGlobals) = postSolution
		SolutionGuid = {2ABB37B3-D8BD-403F-B93E-2E3BE841FBB5}
	EndGlobalSection
EndGlobal
